
Microsoft Visual Studio Solution File, Format Version 11.00
# Visual Studio 2010
Project("{FAE04EC0-301F-11D3-BF4B-00C04F79EFBC}") = "1525", "1525\1525.csproj", "{B2A85817-6C79-45B9-98D5-E645D0BE0F50}"
	ProjectSection(ProjectDependencies) = postProject
		{0B6E237B-8610-4ACB-A71B-2FA019BEA249} = {0B6E237B-8610-4ACB-A71B-2FA019BEA249}
	EndProjectSection
EndProject
Project("{8BC9CEB8-8B4A-11D0-8D11-00A0C91BC942}") = "BoLibDll", "BoLibDll\BoLibDll.vcxproj", "{0B6E237B-8610-4ACB-A71B-2FA019BEA249}"
EndProject
Project("{FAE04EC0-301F-11D3-BF4B-00C04F79EFBC}") = "PDTUtilsControlLib", "PDTUtilsControlLib\PDTUtilsControlLib.csproj", "{43D33559-0084-4250-AE6D-E38753097A57}"
EndProject
Project("{FAE04EC0-301F-11D3-BF4B-00C04F79EFBC}") = "SerialExtractionTool", "SerialExtractionTool\SerialExtractionTool.csproj", "{4D32B9EE-38FA-4199-8D95-E4C0128C928F}"
EndProject
Global
	GlobalSection(SolutionConfigurationPlatforms) = preSolution
		Debug|Any CPU = Debug|Any CPU
		Debug|Mixed Platforms = Debug|Mixed Platforms
		Debug|Win32 = Debug|Win32
		Debug|x86 = Debug|x86
		Debug1224|Any CPU = Debug1224|Any CPU
		Debug1224|Mixed Platforms = Debug1224|Mixed Platforms
		Debug1224|Win32 = Debug1224|Win32
		Debug1224|x86 = Debug1224|x86
		NoMfcDebug|Any CPU = NoMfcDebug|Any CPU
		NoMfcDebug|Mixed Platforms = NoMfcDebug|Mixed Platforms
		NoMfcDebug|Win32 = NoMfcDebug|Win32
		NoMfcDebug|x86 = NoMfcDebug|x86
		Release|Any CPU = Release|Any CPU
		Release|Mixed Platforms = Release|Mixed Platforms
		Release|Win32 = Release|Win32
		Release|x86 = Release|x86
		Release1224|Any CPU = Release1224|Any CPU
		Release1224|Mixed Platforms = Release1224|Mixed Platforms
		Release1224|Win32 = Release1224|Win32
		Release1224|x86 = Release1224|x86
		SMfcRelease|Any CPU = SMfcRelease|Any CPU
		SMfcRelease|Mixed Platforms = SMfcRelease|Mixed Platforms
		SMfcRelease|Win32 = SMfcRelease|Win32
		SMfcRelease|x86 = SMfcRelease|x86
	EndGlobalSection
	GlobalSection(ProjectConfigurationPlatforms) = postSolution
		{B2A85817-6C79-45B9-98D5-E645D0BE0F50}.Debug|Any CPU.ActiveCfg = Debug|x86
		{B2A85817-6C79-45B9-98D5-E645D0BE0F50}.Debug|Any CPU.Build.0 = Debug|x86
		{B2A85817-6C79-45B9-98D5-E645D0BE0F50}.Debug|Mixed Platforms.ActiveCfg = Debug|x86
		{B2A85817-6C79-45B9-98D5-E645D0BE0F50}.Debug|Mixed Platforms.Build.0 = Debug|x86
		{B2A85817-6C79-45B9-98D5-E645D0BE0F50}.Debug|Win32.ActiveCfg = Debug|x86
		{B2A85817-6C79-45B9-98D5-E645D0BE0F50}.Debug|x86.ActiveCfg = Debug|x86
		{B2A85817-6C79-45B9-98D5-E645D0BE0F50}.Debug|x86.Build.0 = Debug|x86
		{B2A85817-6C79-45B9-98D5-E645D0BE0F50}.Debug1224|Any CPU.ActiveCfg = Debug|x86
		{B2A85817-6C79-45B9-98D5-E645D0BE0F50}.Debug1224|Mixed Platforms.ActiveCfg = Debug|x86
		{B2A85817-6C79-45B9-98D5-E645D0BE0F50}.Debug1224|Mixed Platforms.Build.0 = Debug|x86
		{B2A85817-6C79-45B9-98D5-E645D0BE0F50}.Debug1224|Win32.ActiveCfg = Debug|x86
		{B2A85817-6C79-45B9-98D5-E645D0BE0F50}.Debug1224|x86.ActiveCfg = Debug|x86
		{B2A85817-6C79-45B9-98D5-E645D0BE0F50}.Debug1224|x86.Build.0 = Debug|x86
		{B2A85817-6C79-45B9-98D5-E645D0BE0F50}.NoMfcDebug|Any CPU.ActiveCfg = Debug|x86
		{B2A85817-6C79-45B9-98D5-E645D0BE0F50}.NoMfcDebug|Mixed Platforms.ActiveCfg = Debug|x86
		{B2A85817-6C79-45B9-98D5-E645D0BE0F50}.NoMfcDebug|Mixed Platforms.Build.0 = Debug|x86
		{B2A85817-6C79-45B9-98D5-E645D0BE0F50}.NoMfcDebug|Win32.ActiveCfg = Debug|x86
		{B2A85817-6C79-45B9-98D5-E645D0BE0F50}.NoMfcDebug|x86.ActiveCfg = Debug|x86
		{B2A85817-6C79-45B9-98D5-E645D0BE0F50}.NoMfcDebug|x86.Build.0 = Debug|x86
		{B2A85817-6C79-45B9-98D5-E645D0BE0F50}.Release|Any CPU.ActiveCfg = Release|x86
		{B2A85817-6C79-45B9-98D5-E645D0BE0F50}.Release|Any CPU.Build.0 = Release|x86
		{B2A85817-6C79-45B9-98D5-E645D0BE0F50}.Release|Mixed Platforms.ActiveCfg = Release|x86
		{B2A85817-6C79-45B9-98D5-E645D0BE0F50}.Release|Mixed Platforms.Build.0 = Release|x86
		{B2A85817-6C79-45B9-98D5-E645D0BE0F50}.Release|Win32.ActiveCfg = Release|x86
		{B2A85817-6C79-45B9-98D5-E645D0BE0F50}.Release|x86.ActiveCfg = Release|x86
		{B2A85817-6C79-45B9-98D5-E645D0BE0F50}.Release|x86.Build.0 = Release|x86
		{B2A85817-6C79-45B9-98D5-E645D0BE0F50}.Release1224|Any CPU.ActiveCfg = Release|x86
		{B2A85817-6C79-45B9-98D5-E645D0BE0F50}.Release1224|Mixed Platforms.ActiveCfg = Release|x86
		{B2A85817-6C79-45B9-98D5-E645D0BE0F50}.Release1224|Mixed Platforms.Build.0 = Release|x86
		{B2A85817-6C79-45B9-98D5-E645D0BE0F50}.Release1224|Win32.ActiveCfg = Release|x86
		{B2A85817-6C79-45B9-98D5-E645D0BE0F50}.Release1224|x86.ActiveCfg = Release|x86
		{B2A85817-6C79-45B9-98D5-E645D0BE0F50}.Release1224|x86.Build.0 = Release|x86
		{B2A85817-6C79-45B9-98D5-E645D0BE0F50}.SMfcRelease|Any CPU.ActiveCfg = Release|x86
		{B2A85817-6C79-45B9-98D5-E645D0BE0F50}.SMfcRelease|Mixed Platforms.ActiveCfg = Release|x86
		{B2A85817-6C79-45B9-98D5-E645D0BE0F50}.SMfcRelease|Mixed Platforms.Build.0 = Release|x86
		{B2A85817-6C79-45B9-98D5-E645D0BE0F50}.SMfcRelease|Win32.ActiveCfg = Release|x86
		{B2A85817-6C79-45B9-98D5-E645D0BE0F50}.SMfcRelease|x86.ActiveCfg = Release|x86
		{B2A85817-6C79-45B9-98D5-E645D0BE0F50}.SMfcRelease|x86.Build.0 = Release|x86
		{0B6E237B-8610-4ACB-A71B-2FA019BEA249}.Debug|Any CPU.ActiveCfg = Debug|Win32
		{0B6E237B-8610-4ACB-A71B-2FA019BEA249}.Debug|Any CPU.Build.0 = Debug|Win32
		{0B6E237B-8610-4ACB-A71B-2FA019BEA249}.Debug|Mixed Platforms.ActiveCfg = Debug|Win32
		{0B6E237B-8610-4ACB-A71B-2FA019BEA249}.Debug|Mixed Platforms.Build.0 = Debug|Win32
		{0B6E237B-8610-4ACB-A71B-2FA019BEA249}.Debug|Win32.ActiveCfg = Debug|Win32
		{0B6E237B-8610-4ACB-A71B-2FA019BEA249}.Debug|Win32.Build.0 = Debug|Win32
		{0B6E237B-8610-4ACB-A71B-2FA019BEA249}.Debug|x86.ActiveCfg = Debug|Win32
		{0B6E237B-8610-4ACB-A71B-2FA019BEA249}.Debug|x86.Build.0 = Debug|Win32
		{0B6E237B-8610-4ACB-A71B-2FA019BEA249}.Debug1224|Any CPU.ActiveCfg = Debug1224|Win32
		{0B6E237B-8610-4ACB-A71B-2FA019BEA249}.Debug1224|Mixed Platforms.ActiveCfg = Debug1224|Win32
		{0B6E237B-8610-4ACB-A71B-2FA019BEA249}.Debug1224|Mixed Platforms.Build.0 = Debug1224|Win32
		{0B6E237B-8610-4ACB-A71B-2FA019BEA249}.Debug1224|Win32.ActiveCfg = Debug1224|Win32
		{0B6E237B-8610-4ACB-A71B-2FA019BEA249}.Debug1224|Win32.Build.0 = Debug1224|Win32
		{0B6E237B-8610-4ACB-A71B-2FA019BEA249}.Debug1224|x86.ActiveCfg = Debug1224|Win32
		{0B6E237B-8610-4ACB-A71B-2FA019BEA249}.NoMfcDebug|Any CPU.ActiveCfg = Debug|Win32
		{0B6E237B-8610-4ACB-A71B-2FA019BEA249}.NoMfcDebug|Mixed Platforms.ActiveCfg = Debug|Win32
		{0B6E237B-8610-4ACB-A71B-2FA019BEA249}.NoMfcDebug|Mixed Platforms.Build.0 = Debug|Win32
		{0B6E237B-8610-4ACB-A71B-2FA019BEA249}.NoMfcDebug|Win32.ActiveCfg = Debug|Win32
		{0B6E237B-8610-4ACB-A71B-2FA019BEA249}.NoMfcDebug|Win32.Build.0 = Debug|Win32
		{0B6E237B-8610-4ACB-A71B-2FA019BEA249}.NoMfcDebug|x86.ActiveCfg = Debug|Win32
		{0B6E237B-8610-4ACB-A71B-2FA019BEA249}.Release|Any CPU.ActiveCfg = Release|Win32
		{0B6E237B-8610-4ACB-A71B-2FA019BEA249}.Release|Any CPU.Build.0 = Release|Win32
		{0B6E237B-8610-4ACB-A71B-2FA019BEA249}.Release|Mixed Platforms.ActiveCfg = Release|Win32
		{0B6E237B-8610-4ACB-A71B-2FA019BEA249}.Release|Mixed Platforms.Build.0 = Release|Win32
		{0B6E237B-8610-4ACB-A71B-2FA019BEA249}.Release|Win32.ActiveCfg = Release|Win32
		{0B6E237B-8610-4ACB-A71B-2FA019BEA249}.Release|Win32.Build.0 = Release|Win32
		{0B6E237B-8610-4ACB-A71B-2FA019BEA249}.Release|x86.ActiveCfg = Release|Win32
		{0B6E237B-8610-4ACB-A71B-2FA019BEA249}.Release1224|Any CPU.ActiveCfg = Release1224|Win32
		{0B6E237B-8610-4ACB-A71B-2FA019BEA249}.Release1224|Mixed Platforms.ActiveCfg = Release1224|Win32
		{0B6E237B-8610-4ACB-A71B-2FA019BEA249}.Release1224|Mixed Platforms.Build.0 = Release1224|Win32
		{0B6E237B-8610-4ACB-A71B-2FA019BEA249}.Release1224|Win32.ActiveCfg = Release1224|Win32
		{0B6E237B-8610-4ACB-A71B-2FA019BEA249}.Release1224|Win32.Build.0 = Release1224|Win32
		{0B6E237B-8610-4ACB-A71B-2FA019BEA249}.Release1224|x86.ActiveCfg = Release1224|Win32
		{0B6E237B-8610-4ACB-A71B-2FA019BEA249}.SMfcRelease|Any CPU.ActiveCfg = Release|Win32
		{0B6E237B-8610-4ACB-A71B-2FA019BEA249}.SMfcRelease|Mixed Platforms.ActiveCfg = Release|Win32
		{0B6E237B-8610-4ACB-A71B-2FA019BEA249}.SMfcRelease|Mixed Platforms.Build.0 = Release|Win32
		{0B6E237B-8610-4ACB-A71B-2FA019BEA249}.SMfcRelease|Win32.ActiveCfg = Release|Win32
		{0B6E237B-8610-4ACB-A71B-2FA019BEA249}.SMfcRelease|Win32.Build.0 = Release|Win32
		{0B6E237B-8610-4ACB-A71B-2FA019BEA249}.SMfcRelease|x86.ActiveCfg = Release|Win32
		{43D33559-0084-4250-AE6D-E38753097A57}.Debug|Any CPU.ActiveCfg = Debug|Any CPU
		{43D33559-0084-4250-AE6D-E38753097A57}.Debug|Any CPU.Build.0 = Debug|Any CPU
		{43D33559-0084-4250-AE6D-E38753097A57}.Debug|Mixed Platforms.ActiveCfg = Debug|Any CPU
		{43D33559-0084-4250-AE6D-E38753097A57}.Debug|Mixed Platforms.Build.0 = Debug|Any CPU
		{43D33559-0084-4250-AE6D-E38753097A57}.Debug|Win32.ActiveCfg = Debug|Any CPU
		{43D33559-0084-4250-AE6D-E38753097A57}.Debug|x86.ActiveCfg = Debug|Any CPU
		{43D33559-0084-4250-AE6D-E38753097A57}.Debug|x86.Build.0 = Debug|Any CPU
		{43D33559-0084-4250-AE6D-E38753097A57}.Debug1224|Any CPU.ActiveCfg = Debug|Any CPU
		{43D33559-0084-4250-AE6D-E38753097A57}.Debug1224|Any CPU.Build.0 = Debug|Any CPU
		{43D33559-0084-4250-AE6D-E38753097A57}.Debug1224|Mixed Platforms.ActiveCfg = Debug|Any CPU
		{43D33559-0084-4250-AE6D-E38753097A57}.Debug1224|Mixed Platforms.Build.0 = Debug|Any CPU
		{43D33559-0084-4250-AE6D-E38753097A57}.Debug1224|Win32.ActiveCfg = Debug|Any CPU
		{43D33559-0084-4250-AE6D-E38753097A57}.Debug1224|x86.ActiveCfg = Debug|Any CPU
		{43D33559-0084-4250-AE6D-E38753097A57}.NoMfcDebug|Any CPU.ActiveCfg = Debug|Any CPU
		{43D33559-0084-4250-AE6D-E38753097A57}.NoMfcDebug|Any CPU.Build.0 = Debug|Any CPU
		{43D33559-0084-4250-AE6D-E38753097A57}.NoMfcDebug|Mixed Platforms.ActiveCfg = Debug|Any CPU
		{43D33559-0084-4250-AE6D-E38753097A57}.NoMfcDebug|Mixed Platforms.Build.0 = Debug|Any CPU
		{43D33559-0084-4250-AE6D-E38753097A57}.NoMfcDebug|Win32.ActiveCfg = Debug|Any CPU
		{43D33559-0084-4250-AE6D-E38753097A57}.NoMfcDebug|x86.ActiveCfg = Debug|Any CPU
		{43D33559-0084-4250-AE6D-E38753097A57}.Release|Any CPU.ActiveCfg = Release|Any CPU
		{43D33559-0084-4250-AE6D-E38753097A57}.Release|Any CPU.Build.0 = Release|Any CPU
		{43D33559-0084-4250-AE6D-E38753097A57}.Release|Mixed Platforms.ActiveCfg = Release|Any CPU
		{43D33559-0084-4250-AE6D-E38753097A57}.Release|Mixed Platforms.Build.0 = Release|Any CPU
		{43D33559-0084-4250-AE6D-E38753097A57}.Release|Win32.ActiveCfg = Release|Any CPU
		{43D33559-0084-4250-AE6D-E38753097A57}.Release|x86.ActiveCfg = Release|Any CPU
		{43D33559-0084-4250-AE6D-E38753097A57}.Release1224|Any CPU.ActiveCfg = Release|Any CPU
		{43D33559-0084-4250-AE6D-E38753097A57}.Release1224|Any CPU.Build.0 = Release|Any CPU
		{43D33559-0084-4250-AE6D-E38753097A57}.Release1224|Mixed Platforms.ActiveCfg = Release|Any CPU
		{43D33559-0084-4250-AE6D-E38753097A57}.Release1224|Mixed Platforms.Build.0 = Release|Any CPU
		{43D33559-0084-4250-AE6D-E38753097A57}.Release1224|Win32.ActiveCfg = Release|Any CPU
		{43D33559-0084-4250-AE6D-E38753097A57}.Release1224|x86.ActiveCfg = Release|Any CPU
		{43D33559-0084-4250-AE6D-E38753097A57}.SMfcRelease|Any CPU.ActiveCfg = Release|Any CPU
		{43D33559-0084-4250-AE6D-E38753097A57}.SMfcRelease|Any CPU.Build.0 = Release|Any CPU
		{43D33559-0084-4250-AE6D-E38753097A57}.SMfcRelease|Mixed Platforms.ActiveCfg = Release|Any CPU
		{43D33559-0084-4250-AE6D-E38753097A57}.SMfcRelease|Mixed Platforms.Build.0 = Release|Any CPU
		{43D33559-0084-4250-AE6D-E38753097A57}.SMfcRelease|Win32.ActiveCfg = Release|Any CPU
		{43D33559-0084-4250-AE6D-E38753097A57}.SMfcRelease|x86.ActiveCfg = Release|Any CPU
		{4D32B9EE-38FA-4199-8D95-E4C0128C928F}.Debug|Any CPU.ActiveCfg = Debug|x86
		{4D32B9EE-38FA-4199-8D95-E4C0128C928F}.Debug|Mixed Platforms.ActiveCfg = Debug|x86
		{4D32B9EE-38FA-4199-8D95-E4C0128C928F}.Debug|Mixed Platforms.Build.0 = Debug|x86
		{4D32B9EE-38FA-4199-8D95-E4C0128C928F}.Debug|Win32.ActiveCfg = Debug|x86
		{4D32B9EE-38FA-4199-8D95-E4C0128C928F}.Debug|x86.ActiveCfg = Debug|x86
		{4D32B9EE-38FA-4199-8D95-E4C0128C928F}.Debug|x86.Build.0 = Debug|x86
		{4D32B9EE-38FA-4199-8D95-E4C0128C928F}.Debug1224|Any CPU.ActiveCfg = Debug|x86
		{4D32B9EE-38FA-4199-8D95-E4C0128C928F}.Debug1224|Mixed Platforms.ActiveCfg = Debug|x86
		{4D32B9EE-38FA-4199-8D95-E4C0128C928F}.Debug1224|Mixed Platforms.Build.0 = Debug|x86
		{4D32B9EE-38FA-4199-8D95-E4C0128C928F}.Debug1224|Win32.ActiveCfg = Debug|x86
		{4D32B9EE-38FA-4199-8D95-E4C0128C928F}.Debug1224|x86.ActiveCfg = Debug|x86
		{4D32B9EE-38FA-4199-8D95-E4C0128C928F}.Debug1224|x86.Build.0 = Debug|x86
		{4D32B9EE-38FA-4199-8D95-E4C0128C928F}.NoMfcDebug|Any CPU.ActiveCfg = Debug|x86
		{4D32B9EE-38FA-4199-8D95-E4C0128C928F}.NoMfcDebug|Mixed Platforms.ActiveCfg = Debug|x86
		{4D32B9EE-38FA-4199-8D95-E4C0128C928F}.NoMfcDebug|Mixed Platforms.Build.0 = Debug|x86
		{4D32B9EE-38FA-4199-8D95-E4C0128C928F}.NoMfcDebug|Win32.ActiveCfg = Debug|x86
		{4D32B9EE-38FA-4199-8D95-E4C0128C928F}.NoMfcDebug|x86.ActiveCfg = Debug|x86
		{4D32B9EE-38FA-4199-8D95-E4C0128C928F}.NoMfcDebug|x86.Build.0 = Debug|x86
		{4D32B9EE-38FA-4199-8D95-E4C0128C928F}.Release|Any CPU.ActiveCfg = Release|x86
		{4D32B9EE-38FA-4199-8D95-E4C0128C928F}.Release|Mixed Platforms.ActiveCfg = Release|x86
		{4D32B9EE-38FA-4199-8D95-E4C0128C928F}.Release|Mixed Platforms.Build.0 = Release|x86
		{4D32B9EE-38FA-4199-8D95-E4C0128C928F}.Release|Win32.ActiveCfg = Release|x86
		{4D32B9EE-38FA-4199-8D95-E4C0128C928F}.Release|x86.ActiveCfg = Release|x86
		{4D32B9EE-38FA-4199-8D95-E4C0128C928F}.Release|x86.Build.0 = Release|x86
		{4D32B9EE-38FA-4199-8D95-E4C0128C928F}.Release1224|Any CPU.ActiveCfg = Release|x86
		{4D32B9EE-38FA-4199-8D95-E4C0128C928F}.Release1224|Mixed Platforms.ActiveCfg = Release|x86
		{4D32B9EE-38FA-4199-8D95-E4C0128C928F}.Release1224|Mixed Platforms.Build.0 = Release|x86
		{4D32B9EE-38FA-4199-8D95-E4C0128C928F}.Release1224|Win32.ActiveCfg = Release|x86
		{4D32B9EE-38FA-4199-8D95-E4C0128C928F}.Release1224|x86.ActiveCfg = Release|x86
		{4D32B9EE-38FA-4199-8D95-E4C0128C928F}.Release1224|x86.Build.0 = Release|x86
		{4D32B9EE-38FA-4199-8D95-E4C0128C928F}.SMfcRelease|Any CPU.ActiveCfg = Release|x86
		{4D32B9EE-38FA-4199-8D95-E4C0128C928F}.SMfcRelease|Mixed Platforms.ActiveCfg = Release|x86
		{4D32B9EE-38FA-4199-8D95-E4C0128C928F}.SMfcRelease|Mixed Platforms.Build.0 = Release|x86
		{4D32B9EE-38FA-4199-8D95-E4C0128C928F}.SMfcRelease|Win32.ActiveCfg = Release|x86
		{4D32B9EE-38FA-4199-8D95-E4C0128C928F}.SMfcRelease|x86.ActiveCfg = Release|x86
		{4D32B9EE-38FA-4199-8D95-E4C0128C928F}.SMfcRelease|x86.Build.0 = Release|x86
	EndGlobalSection
	GlobalSection(SolutionProperties) = preSolution
		HideSolutionNode = FALSE
	EndGlobalSection
EndGlobal
